
Microsoft Visual Studio Solution File, Format Version 12.00
# Visual Studio Version 17
VisualStudioVersion = 17.0.32002.185
MinimumVisualStudioVersion = 10.0.40219.1
Project("{9A19103F-16F7-4668-BE54-9A1E7A4F7556}") = "level1", "level1\level1.csproj", "{2DBDBFA5-4BB1-4F32-956C-B8F776C68486}"
EndProject
Project("{9A19103F-16F7-4668-BE54-9A1E7A4F7556}") = "level2", "level2\level2.csproj", "{D3C4824A-ED96-40F2-B447-C831C5C40469}"
EndProject
Project("{9A19103F-16F7-4668-BE54-9A1E7A4F7556}") = "level3", "level3\level3.csproj", "{948B4BD0-F881-4602-B003-9AE53D25FFFE}"
EndProject
Project("{9A19103F-16F7-4668-BE54-9A1E7A4F7556}") = "level3_2", "level3_2\level3_2.csproj", "{8C200102-B8FB-46F1-A715-F8925F0E905F}"
EndProject
Project("{9A19103F-16F7-4668-BE54-9A1E7A4F7556}") = "level4", "level4\level4.csproj", "{EEB485BE-99D4-41EE-B81F-FD655345DE09}"
EndProject
Project("{9A19103F-16F7-4668-BE54-9A1E7A4F7556}") = "level5", "level5\level5.csproj", "{97262040-C40E-4BA0-AFF5-AC2C73B55918}"
EndProject
Project("{9A19103F-16F7-4668-BE54-9A1E7A4F7556}") = "level6", "level6\level6.csproj", "{78662BAB-9DF0-4843-A505-5498FDBB8E49}"
EndProject
Project("{9A19103F-16F7-4668-BE54-9A1E7A4F7556}") = "level7", "level7\level7.csproj", "{68C76C8F-2593-4154-B486-0D3C5A0523F3}"
EndProject
Project("{9A19103F-16F7-4668-BE54-9A1E7A4F7556}") = "level8", "level8\level8.csproj", "{283BD8EA-03FF-431B-A3A3-E1930EE1A618}"
EndProject
Project("{9A19103F-16F7-4668-BE54-9A1E7A4F7556}") = "level9", "level9\level9.csproj", "{7E6CC130-7B3D-4BD4-BA2F-8ED3315318E1}"
EndProject
Project("{9A19103F-16F7-4668-BE54-9A1E7A4F7556}") = "level10", "level10\level10.csproj", "{8DC15F45-1947-4C59-A62F-9BBEBA7237CE}"
EndProject
Project("{9A19103F-16F7-4668-BE54-9A1E7A4F7556}") = "level11", "level11\level11.csproj", "{3072E5E9-FFB3-4805-95E4-21675F1BBDE4}"
EndProject
Project("{9A19103F-16F7-4668-BE54-9A1E7A4F7556}") = "level12", "level12\level12.csproj", "{C8581DFD-525A-439B-941C-628ADED83DDA}"
EndProject
Project("{9A19103F-16F7-4668-BE54-9A1E7A4F7556}") = "level13", "level13\level13.csproj", "{4C0BF313-ACA0-4061-B415-8731C7588198}"
EndProject
Project("{9A19103F-16F7-4668-BE54-9A1E7A4F7556}") = "level14", "level14\level14.csproj", "{3BDD1CA4-776A-47B5-A713-027CB227C3D1}"
EndProject
Project("{9A19103F-16F7-4668-BE54-9A1E7A4F7556}") = "level15", "level15\level15.csproj", "{0FEACB6F-4820-475A-9D84-720DE2421FC5}"
EndProject
Project("{9A19103F-16F7-4668-BE54-9A1E7A4F7556}") = "level16", "level16\level16.csproj", "{7221CE4E-4585-4331-8A00-6A92426D5C8A}"
EndProject
Project("{9A19103F-16F7-4668-BE54-9A1E7A4F7556}") = "level17", "level17\level17.csproj", "{EE5826F4-E86C-4B38-B1D9-80A263CE6CCA}"
EndProject
Project("{9A19103F-16F7-4668-BE54-9A1E7A4F7556}") = "level18", "level18\level18.csproj", "{5A4AE4FE-6050-4981-9821-DD15B53BD0EA}"
EndProject
Project("{9A19103F-16F7-4668-BE54-9A1E7A4F7556}") = "level19", "level19\level19.csproj", "{5B184B39-4E0F-45C3-A032-9363B7E33D9D}"
EndProject
Project("{9A19103F-16F7-4668-BE54-9A1E7A4F7556}") = "level20", "level20\level20.csproj", "{111E85A9-A4D2-4674-85C3-6EC78F5C6730}"
EndProject
Project("{9A19103F-16F7-4668-BE54-9A1E7A4F7556}") = "level21", "level21\level21.csproj", "{09B15B7B-2897-4B39-B297-2EDE4EEDB171}"
EndProject
Project("{9A19103F-16F7-4668-BE54-9A1E7A4F7556}") = "level22", "level22\level22.csproj", "{645F98E4-F39F-4304-9445-9AC9824285F7}"
EndProject
Project("{FAE04EC0-301F-11D3-BF4B-00C04F79EFBC}") = "level24", "level24\level24.csproj", "{29770FF9-8EB3-4A3E-B083-9128CC5B2C95}"
EndProject
Global
	GlobalSection(SolutionConfigurationPlatforms) = preSolution
		Debug|Any CPU = Debug|Any CPU
		Release|Any CPU = Release|Any CPU
	EndGlobalSection
	GlobalSection(ProjectConfigurationPlatforms) = postSolution
		{2DBDBFA5-4BB1-4F32-956C-B8F776C68486}.Debug|Any CPU.ActiveCfg = Debug|Any CPU
		{2DBDBFA5-4BB1-4F32-956C-B8F776C68486}.Debug|Any CPU.Build.0 = Debug|Any CPU
		{2DBDBFA5-4BB1-4F32-956C-B8F776C68486}.Release|Any CPU.ActiveCfg = Release|Any CPU
		{2DBDBFA5-4BB1-4F32-956C-B8F776C68486}.Release|Any CPU.Build.0 = Release|Any CPU
		{D3C4824A-ED96-40F2-B447-C831C5C40469}.Debug|Any CPU.ActiveCfg = Debug|Any CPU
		{D3C4824A-ED96-40F2-B447-C831C5C40469}.Debug|Any CPU.Build.0 = Debug|Any CPU
		{D3C4824A-ED96-40F2-B447-C831C5C40469}.Release|Any CPU.ActiveCfg = Release|Any CPU
		{D3C4824A-ED96-40F2-B447-C831C5C40469}.Release|Any CPU.Build.0 = Release|Any CPU
		{948B4BD0-F881-4602-B003-9AE53D25FFFE}.Debug|Any CPU.ActiveCfg = Debug|Any CPU
		{948B4BD0-F881-4602-B003-9AE53D25FFFE}.Debug|Any CPU.Build.0 = Debug|Any CPU
		{948B4BD0-F881-4602-B003-9AE53D25FFFE}.Release|Any CPU.ActiveCfg = Release|Any CPU
		{948B4BD0-F881-4602-B003-9AE53D25FFFE}.Release|Any CPU.Build.0 = Release|Any CPU
		{8C200102-B8FB-46F1-A715-F8925F0E905F}.Debug|Any CPU.ActiveCfg = Debug|Any CPU
		{8C200102-B8FB-46F1-A715-F8925F0E905F}.Debug|Any CPU.Build.0 = Debug|Any CPU
		{8C200102-B8FB-46F1-A715-F8925F0E905F}.Release|Any CPU.ActiveCfg = Release|Any CPU
		{8C200102-B8FB-46F1-A715-F8925F0E905F}.Release|Any CPU.Build.0 = Release|Any CPU
		{EEB485BE-99D4-41EE-B81F-FD655345DE09}.Debug|Any CPU.ActiveCfg = Debug|Any CPU
		{EEB485BE-99D4-41EE-B81F-FD655345DE09}.Debug|Any CPU.Build.0 = Debug|Any CPU
		{EEB485BE-99D4-41EE-B81F-FD655345DE09}.Release|Any CPU.ActiveCfg = Release|Any CPU
		{EEB485BE-99D4-41EE-B81F-FD655345DE09}.Release|Any CPU.Build.0 = Release|Any CPU
		{97262040-C40E-4BA0-AFF5-AC2C73B55918}.Debug|Any CPU.ActiveCfg = Debug|Any CPU
		{97262040-C40E-4BA0-AFF5-AC2C73B55918}.Debug|Any CPU.Build.0 = Debug|Any CPU
		{97262040-C40E-4BA0-AFF5-AC2C73B55918}.Release|Any CPU.ActiveCfg = Release|Any CPU
		{97262040-C40E-4BA0-AFF5-AC2C73B55918}.Release|Any CPU.Build.0 = Release|Any CPU
		{78662BAB-9DF0-4843-A505-5498FDBB8E49}.Debug|Any CPU.ActiveCfg = Debug|Any CPU
		{78662BAB-9DF0-4843-A505-5498FDBB8E49}.Debug|Any CPU.Build.0 = Debug|Any CPU
		{78662BAB-9DF0-4843-A505-5498FDBB8E49}.Release|Any CPU.ActiveCfg = Release|Any CPU
		{78662BAB-9DF0-4843-A505-5498FDBB8E49}.Release|Any CPU.Build.0 = Release|Any CPU
		{68C76C8F-2593-4154-B486-0D3C5A0523F3}.Debug|Any CPU.ActiveCfg = Debug|Any CPU
		{68C76C8F-2593-4154-B486-0D3C5A0523F3}.Debug|Any CPU.Build.0 = Debug|Any CPU
		{68C76C8F-2593-4154-B486-0D3C5A0523F3}.Release|Any CPU.ActiveCfg = Release|Any CPU
		{68C76C8F-2593-4154-B486-0D3C5A0523F3}.Release|Any CPU.Build.0 = Release|Any CPU
		{283BD8EA-03FF-431B-A3A3-E1930EE1A618}.Debug|Any CPU.ActiveCfg = Debug|Any CPU
		{283BD8EA-03FF-431B-A3A3-E1930EE1A618}.Debug|Any CPU.Build.0 = Debug|Any CPU
		{283BD8EA-03FF-431B-A3A3-E1930EE1A618}.Release|Any CPU.ActiveCfg = Release|Any CPU
		{283BD8EA-03FF-431B-A3A3-E1930EE1A618}.Release|Any CPU.Build.0 = Release|Any CPU
		{7E6CC130-7B3D-4BD4-BA2F-8ED3315318E1}.Debug|Any CPU.ActiveCfg = Debug|Any CPU
		{7E6CC130-7B3D-4BD4-BA2F-8ED3315318E1}.Debug|Any CPU.Build.0 = Debug|Any CPU
		{7E6CC130-7B3D-4BD4-BA2F-8ED3315318E1}.Release|Any CPU.ActiveCfg = Release|Any CPU
		{7E6CC130-7B3D-4BD4-BA2F-8ED3315318E1}.Release|Any CPU.Build.0 = Release|Any CPU
		{8DC15F45-1947-4C59-A62F-9BBEBA7237CE}.Debug|Any CPU.ActiveCfg = Debug|Any CPU
		{8DC15F45-1947-4C59-A62F-9BBEBA7237CE}.Debug|Any CPU.Build.0 = Debug|Any CPU
		{8DC15F45-1947-4C59-A62F-9BBEBA7237CE}.Release|Any CPU.ActiveCfg = Release|Any CPU
		{8DC15F45-1947-4C59-A62F-9BBEBA7237CE}.Release|Any CPU.Build.0 = Release|Any CPU
		{3072E5E9-FFB3-4805-95E4-21675F1BBDE4}.Debug|Any CPU.ActiveCfg = Debug|Any CPU
		{3072E5E9-FFB3-4805-95E4-21675F1BBDE4}.Debug|Any CPU.Build.0 = Debug|Any CPU
		{3072E5E9-FFB3-4805-95E4-21675F1BBDE4}.Release|Any CPU.ActiveCfg = Release|Any CPU
		{3072E5E9-FFB3-4805-95E4-21675F1BBDE4}.Release|Any CPU.Build.0 = Release|Any CPU
		{C8581DFD-525A-439B-941C-628ADED83DDA}.Debug|Any CPU.ActiveCfg = Debug|Any CPU
		{C8581DFD-525A-439B-941C-628ADED83DDA}.Debug|Any CPU.Build.0 = Debug|Any CPU
		{C8581DFD-525A-439B-941C-628ADED83DDA}.Release|Any CPU.ActiveCfg = Release|Any CPU
		{C8581DFD-525A-439B-941C-628ADED83DDA}.Release|Any CPU.Build.0 = Release|Any CPU
		{4C0BF313-ACA0-4061-B415-8731C7588198}.Debug|Any CPU.ActiveCfg = Debug|Any CPU
		{4C0BF313-ACA0-4061-B415-8731C7588198}.Debug|Any CPU.Build.0 = Debug|Any CPU
		{4C0BF313-ACA0-4061-B415-8731C7588198}.Release|Any CPU.ActiveCfg = Release|Any CPU
		{4C0BF313-ACA0-4061-B415-8731C7588198}.Release|Any CPU.Build.0 = Release|Any CPU
		{3BDD1CA4-776A-47B5-A713-027CB227C3D1}.Debug|Any CPU.ActiveCfg = Debug|Any CPU
		{3BDD1CA4-776A-47B5-A713-027CB227C3D1}.Debug|Any CPU.Build.0 = Debug|Any CPU
		{3BDD1CA4-776A-47B5-A713-027CB227C3D1}.Release|Any CPU.ActiveCfg = Release|Any CPU
		{3BDD1CA4-776A-47B5-A713-027CB227C3D1}.Release|Any CPU.Build.0 = Release|Any CPU
		{0FEACB6F-4820-475A-9D84-720DE2421FC5}.Debug|Any CPU.ActiveCfg = Debug|Any CPU
		{0FEACB6F-4820-475A-9D84-720DE2421FC5}.Debug|Any CPU.Build.0 = Debug|Any CPU
		{0FEACB6F-4820-475A-9D84-720DE2421FC5}.Release|Any CPU.ActiveCfg = Release|Any CPU
		{0FEACB6F-4820-475A-9D84-720DE2421FC5}.Release|Any CPU.Build.0 = Release|Any CPU
		{7221CE4E-4585-4331-8A00-6A92426D5C8A}.Debug|Any CPU.ActiveCfg = Debug|Any CPU
		{7221CE4E-4585-4331-8A00-6A92426D5C8A}.Debug|Any CPU.Build.0 = Debug|Any CPU
		{7221CE4E-4585-4331-8A00-6A92426D5C8A}.Release|Any CPU.ActiveCfg = Release|Any CPU
		{7221CE4E-4585-4331-8A00-6A92426D5C8A}.Release|Any CPU.Build.0 = Release|Any CPU
		{EE5826F4-E86C-4B38-B1D9-80A263CE6CCA}.Debug|Any CPU.ActiveCfg = Debug|Any CPU
		{EE5826F4-E86C-4B38-B1D9-80A263CE6CCA}.Debug|Any CPU.Build.0 = Debug|Any CPU
		{EE5826F4-E86C-4B38-B1D9-80A263CE6CCA}.Release|Any CPU.ActiveCfg = Release|Any CPU
		{EE5826F4-E86C-4B38-B1D9-80A263CE6CCA}.Release|Any CPU.Build.0 = Release|Any CPU
		{5A4AE4FE-6050-4981-9821-DD15B53BD0EA}.Debug|Any CPU.ActiveCfg = Debug|Any CPU
		{5A4AE4FE-6050-4981-9821-DD15B53BD0EA}.Debug|Any CPU.Build.0 = Debug|Any CPU
		{5A4AE4FE-6050-4981-9821-DD15B53BD0EA}.Release|Any CPU.ActiveCfg = Release|Any CPU
		{5A4AE4FE-6050-4981-9821-DD15B53BD0EA}.Release|Any CPU.Build.0 = Release|Any CPU
		{5B184B39-4E0F-45C3-A032-9363B7E33D9D}.Debug|Any CPU.ActiveCfg = Debug|Any CPU
		{5B184B39-4E0F-45C3-A032-9363B7E33D9D}.Debug|Any CPU.Build.0 = Debug|Any CPU
		{5B184B39-4E0F-45C3-A032-9363B7E33D9D}.Release|Any CPU.ActiveCfg = Release|Any CPU
		{5B184B39-4E0F-45C3-A032-9363B7E33D9D}.Release|Any CPU.Build.0 = Release|Any CPU
		{111E85A9-A4D2-4674-85C3-6EC78F5C6730}.Debug|Any CPU.ActiveCfg = Debug|Any CPU
		{111E85A9-A4D2-4674-85C3-6EC78F5C6730}.Debug|Any CPU.Build.0 = Debug|Any CPU
		{111E85A9-A4D2-4674-85C3-6EC78F5C6730}.Release|Any CPU.ActiveCfg = Release|Any CPU
		{111E85A9-A4D2-4674-85C3-6EC78F5C6730}.Release|Any CPU.Build.0 = Release|Any CPU
		{09B15B7B-2897-4B39-B297-2EDE4EEDB171}.Debug|Any CPU.ActiveCfg = Debug|Any CPU
		{09B15B7B-2897-4B39-B297-2EDE4EEDB171}.Debug|Any CPU.Build.0 = Debug|Any CPU
		{09B15B7B-2897-4B39-B297-2EDE4EEDB171}.Release|Any CPU.ActiveCfg = Release|Any CPU
		{09B15B7B-2897-4B39-B297-2EDE4EEDB171}.Release|Any CPU.Build.0 = Release|Any CPU
		{645F98E4-F39F-4304-9445-9AC9824285F7}.Debug|Any CPU.ActiveCfg = Debug|Any CPU
		{645F98E4-F39F-4304-9445-9AC9824285F7}.Debug|Any CPU.Build.0 = Debug|Any CPU
		{645F98E4-F39F-4304-9445-9AC9824285F7}.Release|Any CPU.ActiveCfg = Release|Any CPU
		{645F98E4-F39F-4304-9445-9AC9824285F7}.Release|Any CPU.Build.0 = Release|Any CPU
		{29770FF9-8EB3-4A3E-B083-9128CC5B2C95}.Debug|Any CPU.ActiveCfg = Debug|Any CPU
		{29770FF9-8EB3-4A3E-B083-9128CC5B2C95}.Debug|Any CPU.Build.0 = Debug|Any CPU
		{29770FF9-8EB3-4A3E-B083-9128CC5B2C95}.Release|Any CPU.ActiveCfg = Release|Any CPU
		{29770FF9-8EB3-4A3E-B083-9128CC5B2C95}.Release|Any CPU.Build.0 = Release|Any CPU
	EndGlobalSection
	GlobalSection(SolutionProperties) = preSolution
		HideSolutionNode = FALSE
	EndGlobalSection
	GlobalSection(ExtensibilityGlobals) = postSolution
		SolutionGuid = {87690F08-28DA-4928-9DA9-E1E99F9CB351}
	EndGlobalSection
EndGlobal
